// !$*UTF8*$!
{
	archiveVersion = 1;
	classes = {
	};
	objectVersion = 56;
	objects = {

/* Begin PBXBuildFile section */
		C635214F28F842A300FD32A5 /* KeyboardViewController.swift in Sources */ = {isa = PBXBuildFile; fileRef = C635214E28F842A300FD32A5 /* KeyboardViewController.swift */; };
		C635215128F843AA00FD32A5 /* BoardViewController.swift in Sources */ = {isa = PBXBuildFile; fileRef = C635215028F843AA00FD32A5 /* BoardViewController.swift */; };
		C64A73F128F8404D00A37BAB /* AppDelegate.swift in Sources */ = {isa = PBXBuildFile; fileRef = C64A73F028F8404D00A37BAB /* AppDelegate.swift */; };
		C64A73F328F8404D00A37BAB /* SceneDelegate.swift in Sources */ = {isa = PBXBuildFile; fileRef = C64A73F228F8404D00A37BAB /* SceneDelegate.swift */; };
		C64A73F528F8404D00A37BAB /* ViewController.swift in Sources */ = {isa = PBXBuildFile; fileRef = C64A73F428F8404D00A37BAB /* ViewController.swift */; };
		C64A73F828F8404D00A37BAB /* Main.storyboard in Resources */ = {isa = PBXBuildFile; fileRef = C64A73F628F8404D00A37BAB /* Main.storyboard */; };
		C64A73FA28F8404E00A37BAB /* Assets.xcassets in Resources */ = {isa = PBXBuildFile; fileRef = C64A73F928F8404E00A37BAB /* Assets.xcassets */; };
		C64A73FD28F8404E00A37BAB /* LaunchScreen.storyboard in Resources */ = {isa = PBXBuildFile; fileRef = C64A73FB28F8404E00A37BAB /* LaunchScreen.storyboard */; };
		C65226AF28F85607008E215C /* KeyCell.swift in Sources */ = {isa = PBXBuildFile; fileRef = C65226AE28F85607008E215C /* KeyCell.swift */; };
/* End PBXBuildFile section */

/* Begin PBXFileReference section */
		C635214E28F842A300FD32A5 /* KeyboardViewController.swift */ = {isa = PBXFileReference; lastKnownFileType = sourcecode.swift; path = KeyboardViewController.swift; sourceTree = "<group>"; };
		C635215028F843AA00FD32A5 /* BoardViewController.swift */ = {isa = PBXFileReference; lastKnownFileType = sourcecode.swift; path = BoardViewController.swift; sourceTree = "<group>"; };
		C64A73ED28F8404D00A37BAB /* Wordle.app */ = {isa = PBXFileReference; explicitFileType = wrapper.application; includeInIndex = 0; path = Wordle.app; sourceTree = BUILT_PRODUCTS_DIR; };
		C64A73F028F8404D00A37BAB /* AppDelegate.swift */ = {isa = PBXFileReference; lastKnownFileType = sourcecode.swift; path = AppDelegate.swift; sourceTree = "<group>"; };
		C64A73F228F8404D00A37BAB /* SceneDelegate.swift */ = {isa = PBXFileReference; lastKnownFileType = sourcecode.swift; path = SceneDelegate.swift; sourceTree = "<group>"; };
		C64A73F428F8404D00A37BAB /* ViewController.swift */ = {isa = PBXFileReference; lastKnownFileType = sourcecode.swift; path = ViewController.swift; sourceTree = "<group>"; };
		C64A73F728F8404D00A37BAB /* Base */ = {isa = PBXFileReference; lastKnownFileType = file.storyboard; name = Base; path = Base.lproj/Main.storyboard; sourceTree = "<group>"; };
		C64A73F928F8404E00A37BAB /* Assets.xcassets */ = {isa = PBXFileReference; lastKnownFileType = folder.assetcatalog; path = Assets.xcassets; sourceTree = "<group>"; };
		C64A73FC28F8404E00A37BAB /* Base */ = {isa = PBXFileReference; lastKnownFileType = file.storyboard; name = Base; path = Base.lproj/LaunchScreen.storyboard; sourceTree = "<group>"; };
		C64A73FE28F8404E00A37BAB /* Info.plist */ = {isa = PBXFileReference; lastKnownFileType = text.plist.xml; path = Info.plist; sourceTree = "<group>"; };
		C65226AE28F85607008E215C /* KeyCell.swift */ = {isa = PBXFileReference; lastKnownFileType = sourcecode.swift; path = KeyCell.swift; sourceTree = "<group>"; };
/* End PBXFileReference section */

/* Begin PBXFrameworksBuildPhase section */
		C64A73EA28F8404D00A37BAB /* Frameworks */ = {
			isa = PBXFrameworksBuildPhase;
			buildActionMask = 2147483647;
			files = (
			);
			runOnlyForDeploymentPostprocessing = 0;
		};
/* End PBXFrameworksBuildPhase section */

/* Begin PBXGroup section */
		C64A73E428F8404D00A37BAB = {
			isa = PBXGroup;
			children = (
				C64A73EF28F8404D00A37BAB /* Wordle */,
				C64A73EE28F8404D00A37BAB /* Products */,
			);
			sourceTree = "<group>";
		};
		C64A73EE28F8404D00A37BAB /* Products */ = {
			isa = PBXGroup;
			children = (
				C64A73ED28F8404D00A37BAB /* Wordle.app */,
			);
			name = Products;
			sourceTree = "<group>";
		};
		C64A73EF28F8404D00A37BAB /* Wordle */ = {
			isa = PBXGroup;
			children = (
				C64A740528F840C100A37BAB /* Other */,
				C64A740428F840AF00A37BAB /* Core */,
				C64A73FE28F8404E00A37BAB /* Info.plist */,
			);
			path = Wordle;
			sourceTree = "<group>";
		};
		C64A740428F840AF00A37BAB /* Core */ = {
			isa = PBXGroup;
			children = (
				C64A73F428F8404D00A37BAB /* ViewController.swift */,
				C635214E28F842A300FD32A5 /* KeyboardViewController.swift */,
				C65226AE28F85607008E215C /* KeyCell.swift */,
				C635215028F843AA00FD32A5 /* BoardViewController.swift */,
			);
			path = Core;
			sourceTree = "<group>";
		};
		C64A740528F840C100A37BAB /* Other */ = {
			isa = PBXGroup;
			children = (
				C64A73F028F8404D00A37BAB /* AppDelegate.swift */,
				C64A73F228F8404D00A37BAB /* SceneDelegate.swift */,
				C64A73F628F8404D00A37BAB /* Main.storyboard */,
				C64A73F928F8404E00A37BAB /* Assets.xcassets */,
				C64A73FB28F8404E00A37BAB /* LaunchScreen.storyboard */,
			);
			path = Other;
			sourceTree = "<group>";
		};
/* End PBXGroup section */

/* Begin PBXNativeTarget section */
		C64A73EC28F8404D00A37BAB /* Wordle */ = {
			isa = PBXNativeTarget;
			buildConfigurationList = C64A740128F8404E00A37BAB /* Build configuration list for PBXNativeTarget "Wordle" */;
			buildPhases = (
				C64A73E928F8404D00A37BAB /* Sources */,
				C64A73EA28F8404D00A37BAB /* Frameworks */,
				C64A73EB28F8404D00A37BAB /* Resources */,
			);
			buildRules = (
			);
			dependencies = (
			);
			name = Wordle;
			productName = Wordle;
			productReference = C64A73ED28F8404D00A37BAB /* Wordle.app */;
			productType = "com.apple.product-type.application";
		};
/* End PBXNativeTarget section */

/* Begin PBXProject section */
		C64A73E528F8404D00A37BAB /* Project object */ = {
			isa = PBXProject;
			attributes = {
				BuildIndependentTargetsInParallel = 1;
				LastSwiftUpdateCheck = 1400;
				LastUpgradeCheck = 1400;
				TargetAttributes = {
					C64A73EC28F8404D00A37BAB = {
						CreatedOnToolsVersion = 14.0.1;
					};
				};
			};
			buildConfigurationList = C64A73E828F8404D00A37BAB /* Build configuration list for PBXProject "Wordle" */;
			compatibilityVersion = "Xcode 14.0";
			developmentRegion = en;
			hasScannedForEncodings = 0;
			knownRegions = (
				en,
				Base,
			);
			mainGroup = C64A73E428F8404D00A37BAB;
			productRefGroup = C64A73EE28F8404D00A37BAB /* Products */;
			projectDirPath = "";
			projectRoot = "";
			targets = (
				C64A73EC28F8404D00A37BAB /* Wordle */,
			);
		};
/* End PBXProject section */

/* Begin PBXResourcesBuildPhase section */
		C64A73EB28F8404D00A37BAB /* Resources */ = {
			isa = PBXResourcesBuildPhase;
			buildActionMask = 2147483647;
			files = (
				C64A73FD28F8404E00A37BAB /* LaunchScreen.storyboard in Resources */,
				C64A73FA28F8404E00A37BAB /* Assets.xcassets in Resources */,
				C64A73F828F8404D00A37BAB /* Main.storyboard in Resources */,
			);
			runOnlyForDeploymentPostprocessing = 0;
		};
/* End PBXResourcesBuildPhase section */

/* Begin PBXSourcesBuildPhase section */
		C64A73E928F8404D00A37BAB /* Sources */ = {
			isa = PBXSourcesBuildPhase;
			buildActionMask = 2147483647;
			files = (
				C64A73F528F8404D00A37BAB /* ViewController.swift in Sources */,
				C64A73F128F8404D00A37BAB /* AppDelegate.swift in Sources */,
				C64A73F328F8404D00A37BAB /* SceneDelegate.swift in Sources */,
				C65226AF28F85607008E215C /* KeyCell.swift in Sources */,
				C635214F28F842A300FD32A5 /* KeyboardViewController.swift in Sources */,
				C635215128F843AA00FD32A5 /* BoardViewController.swift in Sources */,
			);
			runOnlyForDeploymentPostprocessing = 0;
		};
/* End PBXSourcesBuildPhase section */

/* Begin PBXVariantGroup section */
		C64A73F628F8404D00A37BAB /* Main.storyboard */ = {
			isa = PBXVariantGroup;
			children = (
				C64A73F728F8404D00A37BAB /* Base */,
			);
			name = Main.storyboard;
			sourceTree = "<group>";
		};
		C64A73FB28F8404E00A37BAB /* LaunchScreen.storyboard */ = {
			isa = PBXVariantGroup;
			children = (
				C64A73FC28F8404E00A37BAB /* Base */,
			);
			name = LaunchScreen.storyboard;
			sourceTree = "<group>";
		};
/* End PBXVariantGroup section */

/* Begin XCBuildConfiguration section */
		C64A73FF28F8404E00A37BAB /* Debug */ = {
			isa = XCBuildConfiguration;
			buildSettings = {
				ALWAYS_SEARCH_USER_PATHS = NO;
				CLANG_ANALYZER_NONNULL = YES;
				CLANG_ANALYZER_NUMBER_OBJECT_CONVERSION = YES_AGGRESSIVE;
				CLANG_CXX_LANGUAGE_STANDARD = "gnu++20";
				CLANG_ENABLE_MODULES = YES;
				CLANG_ENABLE_OBJC_ARC = YES;
				CLANG_ENABLE_OBJC_WEAK = YES;
				CLANG_WARN_BLOCK_CAPTURE_AUTORELEASING = YES;
				CLANG_WARN_BOOL_CONVERSION = YES;
				CLANG_WARN_COMMA = YES;
				CLANG_WARN_CONSTANT_CONVERSION = YES;
				CLANG_WARN_DEPRECATED_OBJC_IMPLEMENTATIONS = YES;
				CLANG_WARN_DIRECT_OBJC_ISA_USAGE = YES_ERROR;
				CLANG_WARN_DOCUMENTATION_COMMENTS = YES;
				CLANG_WARN_EMPTY_BODY = YES;
				CLANG_WARN_ENUM_CONVERSION = YES;
				CLANG_WARN_INFINITE_RECURSION = YES;
				CLANG_WARN_INT_CONVERSION = YES;
				CLANG_WARN_NON_LITERAL_NULL_CONVERSION = YES;
				CLANG_WARN_OBJC_IMPLICIT_RETAIN_SELF = YES;
				CLANG_WARN_OBJC_LITERAL_CONVERSION = YES;
				CLANG_WARN_OBJC_ROOT_CLASS = YES_ERROR;
				CLANG_WARN_QUOTED_INCLUDE_IN_FRAMEWORK_HEADER = YES;
				CLANG_WARN_RANGE_LOOP_ANALYSIS = YES;
				CLANG_WARN_STRICT_PROTOTYPES = YES;
				CLANG_WARN_SUSPICIOUS_MOVE = YES;
				CLANG_WARN_UNGUARDED_AVAILABILITY = YES_AGGRESSIVE;
				CLANG_WARN_UNREACHABLE_CODE = YES;
				CLANG_WARN__DUPLICATE_METHOD_MATCH = YES;
				COPY_PHASE_STRIP = NO;
				DEBUG_INFORMATION_FORMAT = dwarf;
				ENABLE_STRICT_OBJC_MSGSEND = YES;
				ENABLE_TESTABILITY = YES;
				GCC_C_LANGUAGE_STANDARD = gnu11;
				GCC_DYNAMIC_NO_PIC = NO;
				GCC_NO_COMMON_BLOCKS = YES;
				GCC_OPTIMIZATION_LEVEL = 0;
				GCC_PREPROCESSOR_DEFINITIONS = (
					"DEBUG=1",
					"$(inherited)",
				);
				GCC_WARN_64_TO_32_BIT_CONVERSION = YES;
				GCC_WARN_ABOUT_RETURN_TYPE = YES_ERROR;
				GCC_WARN_UNDECLARED_SELECTOR = YES;
				GCC_WARN_UNINITIALIZED_AUTOS = YES_AGGRESSIVE;
				GCC_WARN_UNUSED_FUNCTION = YES;
				GCC_WARN_UNUSED_VARIABLE = YES;
				IPHONEOS_DEPLOYMENT_TARGET = 16.0;
				MTL_ENABLE_DEBUG_INFO = INCLUDE_SOURCE;
				MTL_FAST_MATH = YES;
				ONLY_ACTIVE_ARCH = YES;
				SDKROOT = iphoneos;
				SWIFT_ACTIVE_COMPILATION_CONDITIONS = DEBUG;
				SWIFT_OPTIMIZATION_LEVEL = "-Onone";
			};
			name = Debug;
		};
		C64A740028F8404E00A37BAB /* Release */ = {
			isa = XCBuildConfiguration;
			buildSettings = {
				ALWAYS_SEARCH_USER_PATHS = NO;
				CLANG_ANALYZER_NONNULL = YES;
				CLANG_ANALYZER_NUMBER_OBJECT_CONVERSION = YES_AGGRESSIVE;
				CLANG_CXX_LANGUAGE_STANDARD = "gnu++20";
				CLANG_ENABLE_MODULES = YES;
				CLANG_ENABLE_OBJC_ARC = YES;
				CLANG_ENABLE_OBJC_WEAK = YES;
				CLANG_WARN_BLOCK_CAPTURE_AUTORELEASING = YES;
				CLANG_WARN_BOOL_CONVERSION = YES;
				CLANG_WARN_COMMA = YES;
				CLANG_WARN_CONSTANT_CONVERSION = YES;
				CLANG_WARN_DEPRECATED_OBJC_IMPLEMENTATIONS = YES;
				CLANG_WARN_DIRECT_OBJC_ISA_USAGE = YES_ERROR;
				CLANG_WARN_DOCUMENTATION_COMMENTS = YES;
				CLANG_WARN_EMPTY_BODY = YES;
				CLANG_WARN_ENUM_CONVERSION = YES;
				CLANG_WARN_INFINITE_RECURSION = YES;
				CLANG_WARN_INT_CONVERSION = YES;
				CLANG_WARN_NON_LITERAL_NULL_CONVERSION = YES;
				CLANG_WARN_OBJC_IMPLICIT_RETAIN_SELF = YES;
				CLANG_WARN_OBJC_LITERAL_CONVERSION = YES;
				CLANG_WARN_OBJC_ROOT_CLASS = YES_ERROR;
				CLANG_WARN_QUOTED_INCLUDE_IN_FRAMEWORK_HEADER = YES;
				CLANG_WARN_RANGE_LOOP_ANALYSIS = YES;
				CLANG_WARN_STRICT_PROTOTYPES = YES;
				CLANG_WARN_SUSPICIOUS_MOVE = YES;
				CLANG_WARN_UNGUARDED_AVAILABILITY = YES_AGGRESSIVE;
				CLANG_WARN_UNREACHABLE_CODE = YES;
				CLANG_WARN__DUPLICATE_METHOD_MATCH = YES;
				COPY_PHASE_STRIP = NO;
				DEBUG_INFORMATION_FORMAT = "dwarf-with-dsym";
				ENABLE_NS_ASSERTIONS = NO;
				ENABLE_STRICT_OBJC_MSGSEND = YES;
				GCC_C_LANGUAGE_STANDARD = gnu11;
				GCC_NO_COMMON_BLOCKS = YES;
				GCC_WARN_64_TO_32_BIT_CONVERSION = YES;
				GCC_WARN_ABOUT_RETURN_TYPE = YES_ERROR;
				GCC_WARN_UNDECLARED_SELECTOR = YES;
				GCC_WARN_UNINITIALIZED_AUTOS = YES_AGGRESSIVE;
				GCC_WARN_UNUSED_FUNCTION = YES;
				GCC_WARN_UNUSED_VARIABLE = YES;
				IPHONEOS_DEPLOYMENT_TARGET = 16.0;
				MTL_ENABLE_DEBUG_INFO = NO;
				MTL_FAST_MATH = YES;
				SDKROOT = iphoneos;
				SWIFT_COMPILATION_MODE = wholemodule;
				SWIFT_OPTIMIZATION_LEVEL = "-O";
				VALIDATE_PRODUCT = YES;
			};
			name = Release;
		};
		C64A740228F8404E00A37BAB /* Debug */ = {
			isa = XCBuildConfiguration;
			buildSettings = {
				ASSETCATALOG_COMPILER_APPICON_NAME = AppIcon;
				ASSETCATALOG_COMPILER_GLOBAL_ACCENT_COLOR_NAME = AccentColor;
				CODE_SIGN_STYLE = Automatic;
				CURRENT_PROJECT_VERSION = 1;
				GENERATE_INFOPLIST_FILE = YES;
				INFOPLIST_FILE = Wordle/Info.plist;
				INFOPLIST_KEY_UIApplicationSupportsIndirectInputEvents = YES;
				INFOPLIST_KEY_UILaunchStoryboardName = LaunchScreen;
				INFOPLIST_KEY_UIMainStoryboardFile = Main;
				INFOPLIST_KEY_UISupportedInterfaceOrientations_iPad = "UIInterfaceOrientationPortrait UIInterfaceOrientationPortraitUpsideDown UIInterfaceOrientationLandscapeLeft UIInterfaceOrientationLandscapeRight";
				INFOPLIST_KEY_UISupportedInterfaceOrientations_iPhone = "UIInterfaceOrientationPortrait UIInterfaceOrientationLandscapeLeft UIInterfaceOrientationLandscapeRight";
				LD_RUNPATH_SEARCH_PATHS = (
					"$(inherited)",
					"@executable_path/Frameworks",
				);
				MARKETING_VERSION = 1.0;
				PRODUCT_BUNDLE_IDENTIFIER = "Rayra-Jovaneli.Wordle";
				PRODUCT_NAME = "$(TARGET_NAME)";
				SWIFT_EMIT_LOC_STRINGS = YES;
				SWIFT_VERSION = 5.0;
				TARGETED_DEVICE_FAMILY = "1,2";
			};
			name = Debug;
		};
		C64A740328F8404E00A37BAB /* Release */ = {
			isa = XCBuildConfiguration;
			buildSettings = {
				ASSETCATALOG_COMPILER_APPICON_NAME = AppIcon;
				ASSETCATALOG_COMPILER_GLOBAL_ACCENT_COLOR_NAME = AccentColor;
				CODE_SIGN_STYLE = Automatic;
				CURRENT_PROJECT_VERSION = 1;
				GENERATE_INFOPLIST_FILE = YES;
				INFOPLIST_FILE = Wordle/Info.plist;
				INFOPLIST_KEY_UIApplicationSupportsIndirectInputEvents = YES;
				INFOPLIST_KEY_UILaunchStoryboardName = LaunchScreen;
				INFOPLIST_KEY_UIMainStoryboardFile = Main;
				INFOPLIST_KEY_UISupportedInterfaceOrientations_iPad = "UIInterfaceOrientationPortrait UIInterfaceOrientationPortraitUpsideDown UIInterfaceOrientationLandscapeLeft UIInterfaceOrientationLandscapeRight";
				INFOPLIST_KEY_UISupportedInterfaceOrientations_iPhone = "UIInterfaceOrientationPortrait UIInterfaceOrientationLandscapeLeft UIInterfaceOrientationLandscapeRight";
				LD_RUNPATH_SEARCH_PATHS = (
					"$(inherited)",
					"@executable_path/Frameworks",
				);
				MARKETING_VERSION = 1.0;
				PRODUCT_BUNDLE_IDENTIFIER = "Rayra-Jovaneli.Wordle";
				PRODUCT_NAME = "$(TARGET_NAME)";
				SWIFT_EMIT_LOC_STRINGS = YES;
				SWIFT_VERSION = 5.0;
				TARGETED_DEVICE_FAMILY = "1,2";
			};
			name = Release;
		};
/* End XCBuildConfiguration section */

/* Begin XCConfigurationList section */
		C64A73E828F8404D00A37BAB /* Build configuration list for PBXProject "Wordle" */ = {
			isa = XCConfigurationList;
			buildConfigurations = (
				C64A73FF28F8404E00A37BAB /* Debug */,
				C64A740028F8404E00A37BAB /* Release */,
			);
			defaultConfigurationIsVisible = 0;
			defaultConfigurationName = Release;
		};
		C64A740128F8404E00A37BAB /* Build configuration list for PBXNativeTarget "Wordle" */ = {
			isa = XCConfigurationList;
			buildConfigurations = (
				C64A740228F8404E00A37BAB /* Debug */,
				C64A740328F8404E00A37BAB /* Release */,
			);
			defaultConfigurationIsVisible = 0;
			defaultConfigurationName = Release;
		};
/* End XCConfigurationList section */
	};
	rootObject = C64A73E528F8404D00A37BAB /* Project object */;
}
